<?xml version="1.0" encoding="utf-8"?>
<Project ToolsVersion="4.0" xmlns="http://schemas.microsoft.com/developer/msbuild/2003">
  <ItemGroup>
    <Filter Include="Source Files">
      <UniqueIdentifier>{4FC737F1-C7A5-4376-A066-2A32D752A2FF}</UniqueIdentifier>
      <Extensions>cpp;c;cc;cxx;c++;cppm;ixx;def;odl;idl;hpj;bat;asm;asmx</Extensions>
    </Filter>
    <Filter Include="Header Files">
      <UniqueIdentifier>{93995380-89BD-4b04-88EB-625FBE52EBFB}</UniqueIdentifier>
      <Extensions>h;hh;hpp;hxx;h++;hm;inl;inc;ipp;xsd</Extensions>
    </Filter>
    <Filter Include="Resource Files">
      <UniqueIdentifier>{67DA6AB6-F800-4c08-8B7A-83BB121AAD01}</UniqueIdentifier>
      <Extensions>rc;ico;cur;bmp;dlg;rc2;rct;bin;rgs;gif;jpg;jpeg;jpe;resx;tiff;tif;png;wav;mfcribbon-ms</Extensions>
    </Filter>
  </ItemGroup>
  <ItemGroup>
    <ClCompile Include="Field.cpp">
      <Filter>Source Files</Filter>
    </ClCompile>
    <ClCompile Include="Random.cpp">
      <Filter>Source Files</Filter>
    </ClCompile>
    <ClCompile Include="program.cpp">
      <Filter>Source Files</Filter>
    </ClCompile>
    <ClCompile Include="TurnsScheduler.cpp">
      <Filter>Source Files</Filter>
    </ClCompile>
    <ClCompile Include="ATurnController.cpp">
      <Filter>Source Files</Filter>
    </ClCompile>
    <ClCompile Include="HumanTurnController.cpp">
      <Filter>Source Files</Filter>
    </ClCompile>
    <ClCompile Include="CPUTurnController.cpp">
      <Filter>Source Files</Filter>
    </ClCompile>
    <ClCompile Include="Input.cpp">
      <Filter>Source Files</Filter>
    </ClCompile>
    <ClCompile Include="SourceState.cpp">
      <Filter>Source Files</Filter>
    </ClCompile>
    <ClCompile Include="TicTacToeGame.cpp">
      <Filter>Source Files</Filter>
    </ClCompile>
    <ClCompile Include="TurnMonitor.cpp">
      <Filter>Source Files</Filter>
    </ClCompile>
    <ClCompile Include="Drawing.cpp">
      <Filter>Source Files</Filter>
    </ClCompile>
  </ItemGroup>
  <ItemGroup>
    <ClInclude Include="Drawing.h">
      <Filter>Header Files</Filter>
    </ClInclude>
    <ClInclude Include="Field.h">
      <Filter>Header Files</Filter>
    </ClInclude>
    <ClInclude Include="Random.h">
      <Filter>Header Files</Filter>
    </ClInclude>
    <ClInclude Include="Tokens.h">
      <Filter>Header Files</Filter>
    </ClInclude>
    <ClInclude Include="TurnsScheduler.h">
      <Filter>Header Files</Filter>
    </ClInclude>
    <ClInclude Include="ITurnsReceiver.h">
      <Filter>Header Files</Filter>
    </ClInclude>
    <ClInclude Include="ATurnController.h">
      <Filter>Header Files</Filter>
    </ClInclude>
    <ClInclude Include="IUpdatable.h">
      <Filter>Header Files</Filter>
    </ClInclude>
    <ClInclude Include="HumanTurnController.h">
      <Filter>Header Files</Filter>
    </ClInclude>
    <ClInclude Include="CPUTurnController.h">
      <Filter>Header Files</Filter>
    </ClInclude>
    <ClInclude Include="Input.h">
      <Filter>Header Files</Filter>
    </ClInclude>
    <ClInclude Include="SourceState.h">
      <Filter>Header Files</Filter>
    </ClInclude>
    <ClInclude Include="TicTacToeGame.h">
      <Filter>Header Files</Filter>
    </ClInclude>
    <ClInclude Include="IRenderable.h">
      <Filter>Header Files</Filter>
    </ClInclude>
    <ClInclude Include="TurnMonitor.h">
      <Filter>Header Files</Filter>
    </ClInclude>
  </ItemGroup>
</Project>